# generated by rye
# use `rye lock` or `rye sync` to update this lockfile
#
# last locked with the following flags:
#   pre: false
#   features: []
#   all-features: false
#   with-sources: false

-e file:.
black==25.1.0
    # via playwright-percy-snapshot
certifi==2025.8.3
    # via requests
charset-normalizer==3.4.3
    # via requests
click==8.1.8
    # via black
greenlet==3.1.1
    # via playwright
idna==3.10
    # via requests
iniconfig==2.1.0
    # via pytest
jinja2==3.1.6
    # via pytest-html
markupsafe==3.0.2
    # via jinja2
mypy-extensions==1.0.0
    # via black
packaging==24.2
    # via black
    # via pytest
pathspec==0.12.1
    # via black
percy-playwright==1.0.1
    # via playwright-percy-snapshot
platformdirs==4.3.7
    # via black
playwright==1.51.0
    # via percy-playwright
    # via playwright-percy-snapshot
pluggy==1.5.0
    # via pytest
pyee==12.1.1
    # via playwright
pytest==8.3.5
    # via playwright-percy-snapshot
    # via pytest-html
    # via pytest-metadata
pytest-html==4.1.1
    # via playwright-percy-snapshot
pytest-metadata==3.1.1
    # via pytest-html
python-dotenv==1.1.1
    # via playwright-percy-snapshot
requests==2.32.5
    # via percy-playwright
typing-extensions==4.14.1
    # via pyee
urllib3==2.5.0
    # via requests
